
Microsoft Visual Studio Solution File, Format Version 12.00
# Visual Studio 2013
VisualStudioVersion = 12.0.30723.0
MinimumVisualStudioVersion = 10.0.40219.1
Project("{FAE04EC0-301F-11D3-BF4B-00C04F79EFBC}") = "Utils", "src\Utils\Utils.csproj", "{0D4AF039-134F-4903-8626-B3C4C52959B4}"
EndProject
Project("{FAE04EC0-301F-11D3-BF4B-00C04F79EFBC}") = "UtilsTest", "test\UtilsTest\UtilsTest.csproj", "{6109B695-AD0C-4D78-9197-C5ECB44C6967}"
EndProject
Global
	GlobalSection(SolutionConfigurationPlatforms) = preSolution
		Debug|Any CPU = Debug|Any CPU
		Release|Any CPU = Release|Any CPU
	EndGlobalSection
	GlobalSection(ProjectConfigurationPlatforms) = postSolution
		{0D4AF039-134F-4903-8626-B3C4C52959B4}.Debug|Any CPU.ActiveCfg = Debug|Any CPU
		{0D4AF039-134F-4903-8626-B3C4C52959B4}.Debug|Any CPU.Build.0 = Debug|Any CPU
		{0D4AF039-134F-4903-8626-B3C4C52959B4}.Release|Any CPU.ActiveCfg = Release|Any CPU
		{0D4AF039-134F-4903-8626-B3C4C52959B4}.Release|Any CPU.Build.0 = Release|Any CPU
		{6109B695-AD0C-4D78-9197-C5ECB44C6967}.Debug|Any CPU.ActiveCfg = Debug|Any CPU
		{6109B695-AD0C-4D78-9197-C5ECB44C6967}.Debug|Any CPU.Build.0 = Debug|Any CPU
		{6109B695-AD0C-4D78-9197-C5ECB44C6967}.Release|Any CPU.ActiveCfg = Release|Any CPU
		{6109B695-AD0C-4D78-9197-C5ECB44C6967}.Release|Any CPU.Build.0 = Release|Any CPU
	EndGlobalSection
	GlobalSection(SolutionProperties) = preSolution
		HideSolutionNode = FALSE
	EndGlobalSection
EndGlobal
